// !$*UTF8*$!
{
	archiveVersion = 1;
	classes = {
	};
	objectVersion = 50;
	objects = {

/* Begin PBXBuildFile section */
		A9B2449E24FAFF2A00B68025 /* AppDelegate.swift in Sources */ = {isa = PBXBuildFile; fileRef = A9B2449D24FAFF2A00B68025 /* AppDelegate.swift */; };
		A9B244A024FAFF2A00B68025 /* SceneDelegate.swift in Sources */ = {isa = PBXBuildFile; fileRef = A9B2449F24FAFF2A00B68025 /* SceneDelegate.swift */; };
		A9B244A224FAFF2A00B68025 /* AlbumsViewController.swift in Sources */ = {isa = PBXBuildFile; fileRef = A9B244A124FAFF2A00B68025 /* AlbumsViewController.swift */; };
		A9B244A724FAFF2C00B68025 /* Assets.xcassets in Resources */ = {isa = PBXBuildFile; fileRef = A9B244A624FAFF2C00B68025 /* Assets.xcassets */; };
		A9B244AA24FAFF2C00B68025 /* LaunchScreen.storyboard in Resources */ = {isa = PBXBuildFile; fileRef = A9B244A824FAFF2C00B68025 /* LaunchScreen.storyboard */; };
		A9B244B224FB01C900B68025 /* AlbumTableViewCell.swift in Sources */ = {isa = PBXBuildFile; fileRef = A9B244B124FB01C900B68025 /* AlbumTableViewCell.swift */; };
		A9B244B424FB0AB200B68025 /* AlbumsViewModel.swift in Sources */ = {isa = PBXBuildFile; fileRef = A9B244B324FB0AB200B68025 /* AlbumsViewModel.swift */; };
		A9B244B624FB0AC200B68025 /* WebService.swift in Sources */ = {isa = PBXBuildFile; fileRef = A9B244B524FB0AC200B68025 /* WebService.swift */; };
		A9B244B824FB0CAE00B68025 /* Album.swift in Sources */ = {isa = PBXBuildFile; fileRef = A9B244B724FB0CAE00B68025 /* Album.swift */; };
		A9B244BA24FB1FB400B68025 /* DownloadableImageView.swift in Sources */ = {isa = PBXBuildFile; fileRef = A9B244B924FB1FB400B68025 /* DownloadableImageView.swift */; };
		A9B244BC24FB2C6500B68025 /* AlbumDetailsViewController.swift in Sources */ = {isa = PBXBuildFile; fileRef = A9B244BB24FB2C6500B68025 /* AlbumDetailsViewController.swift */; };
		A9B244BE24FC7F5E00B68025 /* UIColor+Additions.swift in Sources */ = {isa = PBXBuildFile; fileRef = A9B244BD24FC7F5E00B68025 /* UIColor+Additions.swift */; };
/* End PBXBuildFile section */

/* Begin PBXFileReference section */
		A9B2449A24FAFF2A00B68025 /* TopAlbums.app */ = {isa = PBXFileReference; explicitFileType = wrapper.application; includeInIndex = 0; path = TopAlbums.app; sourceTree = BUILT_PRODUCTS_DIR; };
		A9B2449D24FAFF2A00B68025 /* AppDelegate.swift */ = {isa = PBXFileReference; lastKnownFileType = sourcecode.swift; path = AppDelegate.swift; sourceTree = "<group>"; };
		A9B2449F24FAFF2A00B68025 /* SceneDelegate.swift */ = {isa = PBXFileReference; lastKnownFileType = sourcecode.swift; path = SceneDelegate.swift; sourceTree = "<group>"; };
		A9B244A124FAFF2A00B68025 /* AlbumsViewController.swift */ = {isa = PBXFileReference; lastKnownFileType = sourcecode.swift; path = AlbumsViewController.swift; sourceTree = "<group>"; };
		A9B244A624FAFF2C00B68025 /* Assets.xcassets */ = {isa = PBXFileReference; lastKnownFileType = folder.assetcatalog; path = Assets.xcassets; sourceTree = "<group>"; };
		A9B244A924FAFF2C00B68025 /* Base */ = {isa = PBXFileReference; lastKnownFileType = file.storyboard; name = Base; path = Base.lproj/LaunchScreen.storyboard; sourceTree = "<group>"; };
		A9B244AB24FAFF2C00B68025 /* Info.plist */ = {isa = PBXFileReference; lastKnownFileType = text.plist.xml; path = Info.plist; sourceTree = "<group>"; };
		A9B244B124FB01C900B68025 /* AlbumTableViewCell.swift */ = {isa = PBXFileReference; lastKnownFileType = sourcecode.swift; path = AlbumTableViewCell.swift; sourceTree = "<group>"; };
		A9B244B324FB0AB200B68025 /* AlbumsViewModel.swift */ = {isa = PBXFileReference; lastKnownFileType = sourcecode.swift; path = AlbumsViewModel.swift; sourceTree = "<group>"; };
		A9B244B524FB0AC200B68025 /* WebService.swift */ = {isa = PBXFileReference; lastKnownFileType = sourcecode.swift; path = WebService.swift; sourceTree = "<group>"; };
		A9B244B724FB0CAE00B68025 /* Album.swift */ = {isa = PBXFileReference; lastKnownFileType = sourcecode.swift; path = Album.swift; sourceTree = "<group>"; };
		A9B244B924FB1FB400B68025 /* DownloadableImageView.swift */ = {isa = PBXFileReference; lastKnownFileType = sourcecode.swift; path = DownloadableImageView.swift; sourceTree = "<group>"; };
		A9B244BB24FB2C6500B68025 /* AlbumDetailsViewController.swift */ = {isa = PBXFileReference; lastKnownFileType = sourcecode.swift; path = AlbumDetailsViewController.swift; sourceTree = "<group>"; };
		A9B244BD24FC7F5E00B68025 /* UIColor+Additions.swift */ = {isa = PBXFileReference; lastKnownFileType = sourcecode.swift; path = "UIColor+Additions.swift"; sourceTree = "<group>"; };
/* End PBXFileReference section */

/* Begin PBXFrameworksBuildPhase section */
		A9B2449724FAFF2A00B68025 /* Frameworks */ = {
			isa = PBXFrameworksBuildPhase;
			buildActionMask = 2147483647;
			files = (
			);
			runOnlyForDeploymentPostprocessing = 0;
		};
/* End PBXFrameworksBuildPhase section */

/* Begin PBXGroup section */
		A9B2449124FAFF2A00B68025 = {
			isa = PBXGroup;
			children = (
				A9B2449C24FAFF2A00B68025 /* TopAlbums */,
				A9B2449B24FAFF2A00B68025 /* Products */,
			);
			sourceTree = "<group>";
		};
		A9B2449B24FAFF2A00B68025 /* Products */ = {
			isa = PBXGroup;
			children = (
				A9B2449A24FAFF2A00B68025 /* TopAlbums.app */,
			);
			name = Products;
			sourceTree = "<group>";
		};
		A9B2449C24FAFF2A00B68025 /* TopAlbums */ = {
			isa = PBXGroup;
			children = (
				A9B2449D24FAFF2A00B68025 /* AppDelegate.swift */,
				A9B244B724FB0CAE00B68025 /* Album.swift */,
				A9B244BB24FB2C6500B68025 /* AlbumDetailsViewController.swift */,
				A9B244B124FB01C900B68025 /* AlbumTableViewCell.swift */,
				A9B244A124FAFF2A00B68025 /* AlbumsViewController.swift */,
				A9B244B324FB0AB200B68025 /* AlbumsViewModel.swift */,
				A9B244B924FB1FB400B68025 /* DownloadableImageView.swift */,
				A9B2449F24FAFF2A00B68025 /* SceneDelegate.swift */,
				A9B244BD24FC7F5E00B68025 /* UIColor+Additions.swift */,
				A9B244B524FB0AC200B68025 /* WebService.swift */,
				A9B244A624FAFF2C00B68025 /* Assets.xcassets */,
				A9B244AB24FAFF2C00B68025 /* Info.plist */,
				A9B244A824FAFF2C00B68025 /* LaunchScreen.storyboard */,
			);
			path = TopAlbums;
			sourceTree = "<group>";
		};
/* End PBXGroup section */

/* Begin PBXNativeTarget section */
		A9B2449924FAFF2A00B68025 /* TopAlbums */ = {
			isa = PBXNativeTarget;
			buildConfigurationList = A9B244AE24FAFF2C00B68025 /* Build configuration list for PBXNativeTarget "TopAlbums" */;
			buildPhases = (
				A9B2449624FAFF2A00B68025 /* Sources */,
				A9B2449724FAFF2A00B68025 /* Frameworks */,
				A9B2449824FAFF2A00B68025 /* Resources */,
			);
			buildRules = (
			);
			dependencies = (
			);
			name = TopAlbums;
			productName = TopAlbums;
			productReference = A9B2449A24FAFF2A00B68025 /* TopAlbums.app */;
			productType = "com.apple.product-type.application";
		};
/* End PBXNativeTarget section */

/* Begin PBXProject section */
		A9B2449224FAFF2A00B68025 /* Project object */ = {
			isa = PBXProject;
			attributes = {
				LastSwiftUpdateCheck = 1160;
				LastUpgradeCheck = 1160;
				ORGANIZATIONNAME = "Steven Fellows";
				TargetAttributes = {
					A9B2449924FAFF2A00B68025 = {
						CreatedOnToolsVersion = 11.6;
					};
				};
			};
			buildConfigurationList = A9B2449524FAFF2A00B68025 /* Build configuration list for PBXProject "TopAlbums" */;
			compatibilityVersion = "Xcode 9.3";
			developmentRegion = en;
			hasScannedForEncodings = 0;
			knownRegions = (
				en,
				Base,
			);
			mainGroup = A9B2449124FAFF2A00B68025;
			productRefGroup = A9B2449B24FAFF2A00B68025 /* Products */;
			projectDirPath = "";
			projectRoot = "";
			targets = (
				A9B2449924FAFF2A00B68025 /* TopAlbums */,
			);
		};
/* End PBXProject section */

/* Begin PBXResourcesBuildPhase section */
		A9B2449824FAFF2A00B68025 /* Resources */ = {
			isa = PBXResourcesBuildPhase;
			buildActionMask = 2147483647;
			files = (
				A9B244AA24FAFF2C00B68025 /* LaunchScreen.storyboard in Resources */,
				A9B244A724FAFF2C00B68025 /* Assets.xcassets in Resources */,
			);
			runOnlyForDeploymentPostprocessing = 0;
		};
/* End PBXResourcesBuildPhase section */

/* Begin PBXSourcesBuildPhase section */
		A9B2449624FAFF2A00B68025 /* Sources */ = {
			isa = PBXSourcesBuildPhase;
			buildActionMask = 2147483647;
			files = (
				A9B244B624FB0AC200B68025 /* WebService.swift in Sources */,
				A9B244BE24FC7F5E00B68025 /* UIColor+Additions.swift in Sources */,
				A9B244A224FAFF2A00B68025 /* AlbumsViewController.swift in Sources */,
				A9B2449E24FAFF2A00B68025 /* AppDelegate.swift in Sources */,
				A9B244A024FAFF2A00B68025 /* SceneDelegate.swift in Sources */,
				A9B244BA24FB1FB400B68025 /* DownloadableImageView.swift in Sources */,
				A9B244B224FB01C900B68025 /* AlbumTableViewCell.swift in Sources */,
				A9B244B824FB0CAE00B68025 /* Album.swift in Sources */,
				A9B244BC24FB2C6500B68025 /* AlbumDetailsViewController.swift in Sources */,
				A9B244B424FB0AB200B68025 /* AlbumsViewModel.swift in Sources */,
			);
			runOnlyForDeploymentPostprocessing = 0;
		};
/* End PBXSourcesBuildPhase section */

/* Begin PBXVariantGroup section */
		A9B244A824FAFF2C00B68025 /* LaunchScreen.storyboard */ = {
			isa = PBXVariantGroup;
			children = (
				A9B244A924FAFF2C00B68025 /* Base */,
			);
			name = LaunchScreen.storyboard;
			sourceTree = "<group>";
		};
/* End PBXVariantGroup section */

/* Begin XCBuildConfiguration section */
		A9B244AC24FAFF2C00B68025 /* Debug */ = {
			isa = XCBuildConfiguration;
			buildSettings = {
				ALWAYS_SEARCH_USER_PATHS = NO;
				CLANG_ANALYZER_NONNULL = YES;
				CLANG_ANALYZER_NUMBER_OBJECT_CONVERSION = YES_AGGRESSIVE;
				CLANG_CXX_LANGUAGE_STANDARD = "gnu++14";
				CLANG_CXX_LIBRARY = "libc++";
				CLANG_ENABLE_MODULES = YES;
				CLANG_ENABLE_OBJC_ARC = YES;
				CLANG_ENABLE_OBJC_WEAK = YES;
				CLANG_WARN_BLOCK_CAPTURE_AUTORELEASING = YES;
				CLANG_WARN_BOOL_CONVERSION = YES;
				CLANG_WARN_COMMA = YES;
				CLANG_WARN_CONSTANT_CONVERSION = YES;
				CLANG_WARN_DEPRECATED_OBJC_IMPLEMENTATIONS = YES;
				CLANG_WARN_DIRECT_OBJC_ISA_USAGE = YES_ERROR;
				CLANG_WARN_DOCUMENTATION_COMMENTS = YES;
				CLANG_WARN_EMPTY_BODY = YES;
				CLANG_WARN_ENUM_CONVERSION = YES;
				CLANG_WARN_INFINITE_RECURSION = YES;
				CLANG_WARN_INT_CONVERSION = YES;
				CLANG_WARN_NON_LITERAL_NULL_CONVERSION = YES;
				CLANG_WARN_OBJC_IMPLICIT_RETAIN_SELF = YES;
				CLANG_WARN_OBJC_LITERAL_CONVERSION = YES;
				CLANG_WARN_OBJC_ROOT_CLASS = YES_ERROR;
				CLANG_WARN_RANGE_LOOP_ANALYSIS = YES;
				CLANG_WARN_STRICT_PROTOTYPES = YES;
				CLANG_WARN_SUSPICIOUS_MOVE = YES;
				CLANG_WARN_UNGUARDED_AVAILABILITY = YES_AGGRESSIVE;
				CLANG_WARN_UNREACHABLE_CODE = YES;
				CLANG_WARN__DUPLICATE_METHOD_MATCH = YES;
				COPY_PHASE_STRIP = NO;
				DEBUG_INFORMATION_FORMAT = dwarf;
				ENABLE_STRICT_OBJC_MSGSEND = YES;
				ENABLE_TESTABILITY = YES;
				GCC_C_LANGUAGE_STANDARD = gnu11;
				GCC_DYNAMIC_NO_PIC = NO;
				GCC_NO_COMMON_BLOCKS = YES;
				GCC_OPTIMIZATION_LEVEL = 0;
				GCC_PREPROCESSOR_DEFINITIONS = (
					"DEBUG=1",
					"$(inherited)",
				);
				GCC_WARN_64_TO_32_BIT_CONVERSION = YES;
				GCC_WARN_ABOUT_RETURN_TYPE = YES_ERROR;
				GCC_WARN_UNDECLARED_SELECTOR = YES;
				GCC_WARN_UNINITIALIZED_AUTOS = YES_AGGRESSIVE;
				GCC_WARN_UNUSED_FUNCTION = YES;
				GCC_WARN_UNUSED_VARIABLE = YES;
				IPHONEOS_DEPLOYMENT_TARGET = 13.6;
				MTL_ENABLE_DEBUG_INFO = INCLUDE_SOURCE;
				MTL_FAST_MATH = YES;
				ONLY_ACTIVE_ARCH = YES;
				SDKROOT = iphoneos;
				SWIFT_ACTIVE_COMPILATION_CONDITIONS = DEBUG;
				SWIFT_OPTIMIZATION_LEVEL = "-Onone";
			};
			name = Debug;
		};
		A9B244AD24FAFF2C00B68025 /* Release */ = {
			isa = XCBuildConfiguration;
			buildSettings = {
				ALWAYS_SEARCH_USER_PATHS = NO;
				CLANG_ANALYZER_NONNULL = YES;
				CLANG_ANALYZER_NUMBER_OBJECT_CONVERSION = YES_AGGRESSIVE;
				CLANG_CXX_LANGUAGE_STANDARD = "gnu++14";
				CLANG_CXX_LIBRARY = "libc++";
				CLANG_ENABLE_MODULES = YES;
				CLANG_ENABLE_OBJC_ARC = YES;
				CLANG_ENABLE_OBJC_WEAK = YES;
				CLANG_WARN_BLOCK_CAPTURE_AUTORELEASING = YES;
				CLANG_WARN_BOOL_CONVERSION = YES;
				CLANG_WARN_COMMA = YES;
				CLANG_WARN_CONSTANT_CONVERSION = YES;
				CLANG_WARN_DEPRECATED_OBJC_IMPLEMENTATIONS = YES;
				CLANG_WARN_DIRECT_OBJC_ISA_USAGE = YES_ERROR;
				CLANG_WARN_DOCUMENTATION_COMMENTS = YES;
				CLANG_WARN_EMPTY_BODY = YES;
				CLANG_WARN_ENUM_CONVERSION = YES;
				CLANG_WARN_INFINITE_RECURSION = YES;
				CLANG_WARN_INT_CONVERSION = YES;
				CLANG_WARN_NON_LITERAL_NULL_CONVERSION = YES;
				CLANG_WARN_OBJC_IMPLICIT_RETAIN_SELF = YES;
				CLANG_WARN_OBJC_LITERAL_CONVERSION = YES;
				CLANG_WARN_OBJC_ROOT_CLASS = YES_ERROR;
				CLANG_WARN_RANGE_LOOP_ANALYSIS = YES;
				CLANG_WARN_STRICT_PROTOTYPES = YES;
				CLANG_WARN_SUSPICIOUS_MOVE = YES;
				CLANG_WARN_UNGUARDED_AVAILABILITY = YES_AGGRESSIVE;
				CLANG_WARN_UNREACHABLE_CODE = YES;
				CLANG_WARN__DUPLICATE_METHOD_MATCH = YES;
				COPY_PHASE_STRIP = NO;
				DEBUG_INFORMATION_FORMAT = "dwarf-with-dsym";
				ENABLE_NS_ASSERTIONS = NO;
				ENABLE_STRICT_OBJC_MSGSEND = YES;
				GCC_C_LANGUAGE_STANDARD = gnu11;
				GCC_NO_COMMON_BLOCKS = YES;
				GCC_WARN_64_TO_32_BIT_CONVERSION = YES;
				GCC_WARN_ABOUT_RETURN_TYPE = YES_ERROR;
				GCC_WARN_UNDECLARED_SELECTOR = YES;
				GCC_WARN_UNINITIALIZED_AUTOS = YES_AGGRESSIVE;
				GCC_WARN_UNUSED_FUNCTION = YES;
				GCC_WARN_UNUSED_VARIABLE = YES;
				IPHONEOS_DEPLOYMENT_TARGET = 13.6;
				MTL_ENABLE_DEBUG_INFO = NO;
				MTL_FAST_MATH = YES;
				SDKROOT = iphoneos;
				SWIFT_COMPILATION_MODE = wholemodule;
				SWIFT_OPTIMIZATION_LEVEL = "-O";
				VALIDATE_PRODUCT = YES;
			};
			name = Release;
		};
		A9B244AF24FAFF2C00B68025 /* Debug */ = {
			isa = XCBuildConfiguration;
			buildSettings = {
				ASSETCATALOG_COMPILER_APPICON_NAME = AppIcon;
				CODE_SIGN_STYLE = Automatic;
				DEVELOPMENT_TEAM = RSW6FWFLGL;
				INFOPLIST_FILE = TopAlbums/Info.plist;
				LD_RUNPATH_SEARCH_PATHS = (
					"$(inherited)",
					"@executable_path/Frameworks",
				);
				PRODUCT_BUNDLE_IDENTIFIER = com.carameldev.TopAlbums;
				PRODUCT_NAME = "$(TARGET_NAME)";
				SWIFT_VERSION = 5.0;
				TARGETED_DEVICE_FAMILY = 1;
			};
			name = Debug;
		};
		A9B244B024FAFF2C00B68025 /* Release */ = {
			isa = XCBuildConfiguration;
			buildSettings = {
				ASSETCATALOG_COMPILER_APPICON_NAME = AppIcon;
				CODE_SIGN_STYLE = Automatic;
				DEVELOPMENT_TEAM = RSW6FWFLGL;
				INFOPLIST_FILE = TopAlbums/Info.plist;
				LD_RUNPATH_SEARCH_PATHS = (
					"$(inherited)",
					"@executable_path/Frameworks",
				);
				PRODUCT_BUNDLE_IDENTIFIER = com.carameldev.TopAlbums;
				PRODUCT_NAME = "$(TARGET_NAME)";
				SWIFT_VERSION = 5.0;
				TARGETED_DEVICE_FAMILY = 1;
			};
			name = Release;
		};
/* End XCBuildConfiguration section */

/* Begin XCConfigurationList section */
		A9B2449524FAFF2A00B68025 /* Build configuration list for PBXProject "TopAlbums" */ = {
			isa = XCConfigurationList;
			buildConfigurations = (
				A9B244AC24FAFF2C00B68025 /* Debug */,
				A9B244AD24FAFF2C00B68025 /* Release */,
			);
			defaultConfigurationIsVisible = 0;
			defaultConfigurationName = Release;
		};
		A9B244AE24FAFF2C00B68025 /* Build configuration list for PBXNativeTarget "TopAlbums" */ = {
			isa = XCConfigurationList;
			buildConfigurations = (
				A9B244AF24FAFF2C00B68025 /* Debug */,
				A9B244B024FAFF2C00B68025 /* Release */,
			);
			defaultConfigurationIsVisible = 0;
			defaultConfigurationName = Release;
		};
/* End XCConfigurationList section */
	};
	rootObject = A9B2449224FAFF2A00B68025 /* Project object */;
}
